// !$*UTF8*$!
{
	archiveVersion = 1;
	classes = {
	};
	objectVersion = 55;
	objects = {

/* Begin PBXBuildFile section */
		8E29210A27BE007A00A53873 /* pvCovidTraceApp.swift in Sources */ = {isa = PBXBuildFile; fileRef = 8E29210927BE007A00A53873 /* pvCovidTraceApp.swift */; };
		8E29210C27BE007A00A53873 /* ContentView.swift in Sources */ = {isa = PBXBuildFile; fileRef = 8E29210B27BE007A00A53873 /* ContentView.swift */; };
		8E29210E27BE007B00A53873 /* Assets.xcassets in Resources */ = {isa = PBXBuildFile; fileRef = 8E29210D27BE007B00A53873 /* Assets.xcassets */; };
		8E29211127BE007B00A53873 /* Preview Assets.xcassets in Resources */ = {isa = PBXBuildFile; fileRef = 8E29211027BE007B00A53873 /* Preview Assets.xcassets */; };
		8E29211927BE00E400A53873 /* MainTabView.swift in Sources */ = {isa = PBXBuildFile; fileRef = 8E29211827BE00E400A53873 /* MainTabView.swift */; };
		8E29211B27BE00F300A53873 /* LocationListView.swift in Sources */ = {isa = PBXBuildFile; fileRef = 8E29211A27BE00F300A53873 /* LocationListView.swift */; };
		8E29211D27BE00FF00A53873 /* LocationDetailView.swift in Sources */ = {isa = PBXBuildFile; fileRef = 8E29211C27BE00FF00A53873 /* LocationDetailView.swift */; };
		8E29212127BE011600A53873 /* Profile.swift in Sources */ = {isa = PBXBuildFile; fileRef = 8E29212027BE011600A53873 /* Profile.swift */; };
		8E29212427BE021C00A53873 /* MapView.swift in Sources */ = {isa = PBXBuildFile; fileRef = 8E29212327BE021C00A53873 /* MapView.swift */; };
		8E29212627BE022700A53873 /* NewsFeed.swift in Sources */ = {isa = PBXBuildFile; fileRef = 8E29212527BE022700A53873 /* NewsFeed.swift */; };
		8E29212927BE025700A53873 /* AuthenticationViewModel.swift in Sources */ = {isa = PBXBuildFile; fileRef = 8E29212827BE025700A53873 /* AuthenticationViewModel.swift */; };
		8E29212B27BE025F00A53873 /* LoginView.swift in Sources */ = {isa = PBXBuildFile; fileRef = 8E29212A27BE025F00A53873 /* LoginView.swift */; };
		8E29212D27BE026E00A53873 /* RegistrationViewSheet.swift in Sources */ = {isa = PBXBuildFile; fileRef = 8E29212C27BE026E00A53873 /* RegistrationViewSheet.swift */; };
		8E29213127BE02C100A53873 /* Color+Ext.swift in Sources */ = {isa = PBXBuildFile; fileRef = 8E29213027BE02C100A53873 /* Color+Ext.swift */; };
/* End PBXBuildFile section */

/* Begin PBXFileReference section */
		8E29210627BE007A00A53873 /* pvCovidTrace.app */ = {isa = PBXFileReference; explicitFileType = wrapper.application; includeInIndex = 0; path = pvCovidTrace.app; sourceTree = BUILT_PRODUCTS_DIR; };
		8E29210927BE007A00A53873 /* pvCovidTraceApp.swift */ = {isa = PBXFileReference; lastKnownFileType = sourcecode.swift; path = pvCovidTraceApp.swift; sourceTree = "<group>"; };
		8E29210B27BE007A00A53873 /* ContentView.swift */ = {isa = PBXFileReference; lastKnownFileType = sourcecode.swift; path = ContentView.swift; sourceTree = "<group>"; };
		8E29210D27BE007B00A53873 /* Assets.xcassets */ = {isa = PBXFileReference; lastKnownFileType = folder.assetcatalog; path = Assets.xcassets; sourceTree = "<group>"; };
		8E29211027BE007B00A53873 /* Preview Assets.xcassets */ = {isa = PBXFileReference; lastKnownFileType = folder.assetcatalog; path = "Preview Assets.xcassets"; sourceTree = "<group>"; };
		8E29211827BE00E400A53873 /* MainTabView.swift */ = {isa = PBXFileReference; lastKnownFileType = sourcecode.swift; path = MainTabView.swift; sourceTree = "<group>"; };
		8E29211A27BE00F300A53873 /* LocationListView.swift */ = {isa = PBXFileReference; lastKnownFileType = sourcecode.swift; path = LocationListView.swift; sourceTree = "<group>"; };
		8E29211C27BE00FF00A53873 /* LocationDetailView.swift */ = {isa = PBXFileReference; lastKnownFileType = sourcecode.swift; path = LocationDetailView.swift; sourceTree = "<group>"; };
		8E29212027BE011600A53873 /* Profile.swift */ = {isa = PBXFileReference; lastKnownFileType = sourcecode.swift; path = Profile.swift; sourceTree = "<group>"; };
		8E29212327BE021C00A53873 /* MapView.swift */ = {isa = PBXFileReference; lastKnownFileType = sourcecode.swift; path = MapView.swift; sourceTree = "<group>"; };
		8E29212527BE022700A53873 /* NewsFeed.swift */ = {isa = PBXFileReference; lastKnownFileType = sourcecode.swift; path = NewsFeed.swift; sourceTree = "<group>"; };
		8E29212827BE025700A53873 /* AuthenticationViewModel.swift */ = {isa = PBXFileReference; lastKnownFileType = sourcecode.swift; path = AuthenticationViewModel.swift; sourceTree = "<group>"; };
		8E29212A27BE025F00A53873 /* LoginView.swift */ = {isa = PBXFileReference; lastKnownFileType = sourcecode.swift; path = LoginView.swift; sourceTree = "<group>"; };
		8E29212C27BE026E00A53873 /* RegistrationViewSheet.swift */ = {isa = PBXFileReference; lastKnownFileType = sourcecode.swift; path = RegistrationViewSheet.swift; sourceTree = "<group>"; };
		8E29213027BE02C100A53873 /* Color+Ext.swift */ = {isa = PBXFileReference; lastKnownFileType = sourcecode.swift; path = "Color+Ext.swift"; sourceTree = "<group>"; };
/* End PBXFileReference section */

/* Begin PBXFrameworksBuildPhase section */
		8E29210327BE007A00A53873 /* Frameworks */ = {
			isa = PBXFrameworksBuildPhase;
			buildActionMask = 2147483647;
			files = (
			);
			runOnlyForDeploymentPostprocessing = 0;
		};
/* End PBXFrameworksBuildPhase section */

/* Begin PBXGroup section */
		8E2920FD27BE007A00A53873 = {
			isa = PBXGroup;
			children = (
				8E29210827BE007A00A53873 /* pvCovidTrace */,
				8E29210727BE007A00A53873 /* Products */,
			);
			sourceTree = "<group>";
		};
		8E29210727BE007A00A53873 /* Products */ = {
			isa = PBXGroup;
			children = (
				8E29210627BE007A00A53873 /* pvCovidTrace.app */,
			);
			name = Products;
			sourceTree = "<group>";
		};
		8E29210827BE007A00A53873 /* pvCovidTrace */ = {
			isa = PBXGroup;
			children = (
				8E29211727BE00D500A53873 /* Main */,
				8E29212227BE01F200A53873 /* Views */,
				8E29212E27BE028600A53873 /* Models */,
				8E29210927BE007A00A53873 /* pvCovidTraceApp.swift */,
				8E29210B27BE007A00A53873 /* ContentView.swift */,
				8E29210D27BE007B00A53873 /* Assets.xcassets */,
				8E29210F27BE007B00A53873 /* Preview Content */,
			);
			path = pvCovidTrace;
			sourceTree = "<group>";
		};
		8E29210F27BE007B00A53873 /* Preview Content */ = {
			isa = PBXGroup;
			children = (
				8E29211027BE007B00A53873 /* Preview Assets.xcassets */,
			);
			path = "Preview Content";
			sourceTree = "<group>";
		};
		8E29211727BE00D500A53873 /* Main */ = {
			isa = PBXGroup;
			children = (
				8E29211827BE00E400A53873 /* MainTabView.swift */,
				8E29212327BE021C00A53873 /* MapView.swift */,
				8E29212527BE022700A53873 /* NewsFeed.swift */,
			);
			path = Main;
			sourceTree = "<group>";
		};
		8E29212227BE01F200A53873 /* Views */ = {
			isa = PBXGroup;
			children = (
				8E29211C27BE00FF00A53873 /* LocationDetailView.swift */,
				8E29212027BE011600A53873 /* Profile.swift */,
				8E29211A27BE00F300A53873 /* LocationListView.swift */,
			);
			path = Views;
			sourceTree = "<group>";
		};
		8E29212727BE022F00A53873 /* Authentication */ = {
			isa = PBXGroup;
			children = (
				8E29212827BE025700A53873 /* AuthenticationViewModel.swift */,
				8E29212A27BE025F00A53873 /* LoginView.swift */,
				8E29212C27BE026E00A53873 /* RegistrationViewSheet.swift */,
			);
			path = Authentication;
			sourceTree = "<group>";
		};
		8E29212E27BE028600A53873 /* Models */ = {
			isa = PBXGroup;
			children = (
				8E29212F27BE02A700A53873 /* Extensions */,
				8E29212727BE022F00A53873 /* Authentication */,
			);
			path = Models;
			sourceTree = "<group>";
		};
		8E29212F27BE02A700A53873 /* Extensions */ = {
			isa = PBXGroup;
			children = (
				8E29213027BE02C100A53873 /* Color+Ext.swift */,
			);
			path = Extensions;
			sourceTree = "<group>";
		};
/* End PBXGroup section */

/* Begin PBXNativeTarget section */
		8E29210527BE007A00A53873 /* pvCovidTrace */ = {
			isa = PBXNativeTarget;
			buildConfigurationList = 8E29211427BE007B00A53873 /* Build configuration list for PBXNativeTarget "pvCovidTrace" */;
			buildPhases = (
				8E29210227BE007A00A53873 /* Sources */,
				8E29210327BE007A00A53873 /* Frameworks */,
				8E29210427BE007A00A53873 /* Resources */,
			);
			buildRules = (
			);
			dependencies = (
			);
			name = pvCovidTrace;
			productName = pvCovidTrace;
			productReference = 8E29210627BE007A00A53873 /* pvCovidTrace.app */;
			productType = "com.apple.product-type.application";
		};
/* End PBXNativeTarget section */

/* Begin PBXProject section */
		8E2920FE27BE007A00A53873 /* Project object */ = {
			isa = PBXProject;
			attributes = {
				BuildIndependentTargetsInParallel = 1;
				LastSwiftUpdateCheck = 1320;
				LastUpgradeCheck = 1320;
				TargetAttributes = {
					8E29210527BE007A00A53873 = {
						CreatedOnToolsVersion = 13.2.1;
					};
				};
			};
			buildConfigurationList = 8E29210127BE007A00A53873 /* Build configuration list for PBXProject "pvCovidTrace" */;
			compatibilityVersion = "Xcode 13.0";
			developmentRegion = en;
			hasScannedForEncodings = 0;
			knownRegions = (
				en,
				Base,
			);
			mainGroup = 8E2920FD27BE007A00A53873;
			productRefGroup = 8E29210727BE007A00A53873 /* Products */;
			projectDirPath = "";
			projectRoot = "";
			targets = (
				8E29210527BE007A00A53873 /* pvCovidTrace */,
			);
		};
/* End PBXProject section */

/* Begin PBXResourcesBuildPhase section */
		8E29210427BE007A00A53873 /* Resources */ = {
			isa = PBXResourcesBuildPhase;
			buildActionMask = 2147483647;
			files = (
				8E29211127BE007B00A53873 /* Preview Assets.xcassets in Resources */,
				8E29210E27BE007B00A53873 /* Assets.xcassets in Resources */,
			);
			runOnlyForDeploymentPostprocessing = 0;
		};
/* End PBXResourcesBuildPhase section */

/* Begin PBXSourcesBuildPhase section */
		8E29210227BE007A00A53873 /* Sources */ = {
			isa = PBXSourcesBuildPhase;
			buildActionMask = 2147483647;
			files = (
				8E29212427BE021C00A53873 /* MapView.swift in Sources */,
				8E29210C27BE007A00A53873 /* ContentView.swift in Sources */,
				8E29212627BE022700A53873 /* NewsFeed.swift in Sources */,
				8E29212127BE011600A53873 /* Profile.swift in Sources */,
				8E29212D27BE026E00A53873 /* RegistrationViewSheet.swift in Sources */,
				8E29213127BE02C100A53873 /* Color+Ext.swift in Sources */,
				8E29211B27BE00F300A53873 /* LocationListView.swift in Sources */,
				8E29210A27BE007A00A53873 /* pvCovidTraceApp.swift in Sources */,
				8E29212927BE025700A53873 /* AuthenticationViewModel.swift in Sources */,
				8E29211D27BE00FF00A53873 /* LocationDetailView.swift in Sources */,
				8E29212B27BE025F00A53873 /* LoginView.swift in Sources */,
				8E29211927BE00E400A53873 /* MainTabView.swift in Sources */,
			);
			runOnlyForDeploymentPostprocessing = 0;
		};
/* End PBXSourcesBuildPhase section */

/* Begin XCBuildConfiguration section */
		8E29211227BE007B00A53873 /* Debug */ = {
			isa = XCBuildConfiguration;
			buildSettings = {
				ALWAYS_SEARCH_USER_PATHS = NO;
				CLANG_ANALYZER_NONNULL = YES;
				CLANG_ANALYZER_NUMBER_OBJECT_CONVERSION = YES_AGGRESSIVE;
				CLANG_CXX_LANGUAGE_STANDARD = "gnu++17";
				CLANG_CXX_LIBRARY = "libc++";
				CLANG_ENABLE_MODULES = YES;
				CLANG_ENABLE_OBJC_ARC = YES;
				CLANG_ENABLE_OBJC_WEAK = YES;
				CLANG_WARN_BLOCK_CAPTURE_AUTORELEASING = YES;
				CLANG_WARN_BOOL_CONVERSION = YES;
				CLANG_WARN_COMMA = YES;
				CLANG_WARN_CONSTANT_CONVERSION = YES;
				CLANG_WARN_DEPRECATED_OBJC_IMPLEMENTATIONS = YES;
				CLANG_WARN_DIRECT_OBJC_ISA_USAGE = YES_ERROR;
				CLANG_WARN_DOCUMENTATION_COMMENTS = YES;
				CLANG_WARN_EMPTY_BODY = YES;
				CLANG_WARN_ENUM_CONVERSION = YES;
				CLANG_WARN_INFINITE_RECURSION = YES;
				CLANG_WARN_INT_CONVERSION = YES;
				CLANG_WARN_NON_LITERAL_NULL_CONVERSION = YES;
				CLANG_WARN_OBJC_IMPLICIT_RETAIN_SELF = YES;
				CLANG_WARN_OBJC_LITERAL_CONVERSION = YES;
				CLANG_WARN_OBJC_ROOT_CLASS = YES_ERROR;
				CLANG_WARN_QUOTED_INCLUDE_IN_FRAMEWORK_HEADER = YES;
				CLANG_WARN_RANGE_LOOP_ANALYSIS = YES;
				CLANG_WARN_STRICT_PROTOTYPES = YES;
				CLANG_WARN_SUSPICIOUS_MOVE = YES;
				CLANG_WARN_UNGUARDED_AVAILABILITY = YES_AGGRESSIVE;
				CLANG_WARN_UNREACHABLE_CODE = YES;
				CLANG_WARN__DUPLICATE_METHOD_MATCH = YES;
				COPY_PHASE_STRIP = NO;
				DEBUG_INFORMATION_FORMAT = dwarf;
				ENABLE_STRICT_OBJC_MSGSEND = YES;
				ENABLE_TESTABILITY = YES;
				GCC_C_LANGUAGE_STANDARD = gnu11;
				GCC_DYNAMIC_NO_PIC = NO;
				GCC_NO_COMMON_BLOCKS = YES;
				GCC_OPTIMIZATION_LEVEL = 0;
				GCC_PREPROCESSOR_DEFINITIONS = (
					"DEBUG=1",
					"$(inherited)",
				);
				GCC_WARN_64_TO_32_BIT_CONVERSION = YES;
				GCC_WARN_ABOUT_RETURN_TYPE = YES_ERROR;
				GCC_WARN_UNDECLARED_SELECTOR = YES;
				GCC_WARN_UNINITIALIZED_AUTOS = YES_AGGRESSIVE;
				GCC_WARN_UNUSED_FUNCTION = YES;
				GCC_WARN_UNUSED_VARIABLE = YES;
				IPHONEOS_DEPLOYMENT_TARGET = 15.2;
				MTL_ENABLE_DEBUG_INFO = INCLUDE_SOURCE;
				MTL_FAST_MATH = YES;
				ONLY_ACTIVE_ARCH = YES;
				SDKROOT = iphoneos;
				SWIFT_ACTIVE_COMPILATION_CONDITIONS = DEBUG;
				SWIFT_OPTIMIZATION_LEVEL = "-Onone";
			};
			name = Debug;
		};
		8E29211327BE007B00A53873 /* Release */ = {
			isa = XCBuildConfiguration;
			buildSettings = {
				ALWAYS_SEARCH_USER_PATHS = NO;
				CLANG_ANALYZER_NONNULL = YES;
				CLANG_ANALYZER_NUMBER_OBJECT_CONVERSION = YES_AGGRESSIVE;
				CLANG_CXX_LANGUAGE_STANDARD = "gnu++17";
				CLANG_CXX_LIBRARY = "libc++";
				CLANG_ENABLE_MODULES = YES;
				CLANG_ENABLE_OBJC_ARC = YES;
				CLANG_ENABLE_OBJC_WEAK = YES;
				CLANG_WARN_BLOCK_CAPTURE_AUTORELEASING = YES;
				CLANG_WARN_BOOL_CONVERSION = YES;
				CLANG_WARN_COMMA = YES;
				CLANG_WARN_CONSTANT_CONVERSION = YES;
				CLANG_WARN_DEPRECATED_OBJC_IMPLEMENTATIONS = YES;
				CLANG_WARN_DIRECT_OBJC_ISA_USAGE = YES_ERROR;
				CLANG_WARN_DOCUMENTATION_COMMENTS = YES;
				CLANG_WARN_EMPTY_BODY = YES;
				CLANG_WARN_ENUM_CONVERSION = YES;
				CLANG_WARN_INFINITE_RECURSION = YES;
				CLANG_WARN_INT_CONVERSION = YES;
				CLANG_WARN_NON_LITERAL_NULL_CONVERSION = YES;
				CLANG_WARN_OBJC_IMPLICIT_RETAIN_SELF = YES;
				CLANG_WARN_OBJC_LITERAL_CONVERSION = YES;
				CLANG_WARN_OBJC_ROOT_CLASS = YES_ERROR;
				CLANG_WARN_QUOTED_INCLUDE_IN_FRAMEWORK_HEADER = YES;
				CLANG_WARN_RANGE_LOOP_ANALYSIS = YES;
				CLANG_WARN_STRICT_PROTOTYPES = YES;
				CLANG_WARN_SUSPICIOUS_MOVE = YES;
				CLANG_WARN_UNGUARDED_AVAILABILITY = YES_AGGRESSIVE;
				CLANG_WARN_UNREACHABLE_CODE = YES;
				CLANG_WARN__DUPLICATE_METHOD_MATCH = YES;
				COPY_PHASE_STRIP = NO;
				DEBUG_INFORMATION_FORMAT = "dwarf-with-dsym";
				ENABLE_NS_ASSERTIONS = NO;
				ENABLE_STRICT_OBJC_MSGSEND = YES;
				GCC_C_LANGUAGE_STANDARD = gnu11;
				GCC_NO_COMMON_BLOCKS = YES;
				GCC_WARN_64_TO_32_BIT_CONVERSION = YES;
				GCC_WARN_ABOUT_RETURN_TYPE = YES_ERROR;
				GCC_WARN_UNDECLARED_SELECTOR = YES;
				GCC_WARN_UNINITIALIZED_AUTOS = YES_AGGRESSIVE;
				GCC_WARN_UNUSED_FUNCTION = YES;
				GCC_WARN_UNUSED_VARIABLE = YES;
				IPHONEOS_DEPLOYMENT_TARGET = 15.2;
				MTL_ENABLE_DEBUG_INFO = NO;
				MTL_FAST_MATH = YES;
				SDKROOT = iphoneos;
				SWIFT_COMPILATION_MODE = wholemodule;
				SWIFT_OPTIMIZATION_LEVEL = "-O";
				VALIDATE_PRODUCT = YES;
			};
			name = Release;
		};
		8E29211527BE007B00A53873 /* Debug */ = {
			isa = XCBuildConfiguration;
			buildSettings = {
				ASSETCATALOG_COMPILER_APPICON_NAME = AppIcon;
				ASSETCATALOG_COMPILER_GLOBAL_ACCENT_COLOR_NAME = AccentColor;
				CODE_SIGN_STYLE = Automatic;
				CURRENT_PROJECT_VERSION = 1;
				DEVELOPMENT_ASSET_PATHS = "\"pvCovidTrace/Preview Content\"";
				ENABLE_PREVIEWS = YES;
				GENERATE_INFOPLIST_FILE = YES;
				INFOPLIST_KEY_UIApplicationSceneManifest_Generation = YES;
				INFOPLIST_KEY_UIApplicationSupportsIndirectInputEvents = YES;
				INFOPLIST_KEY_UILaunchScreen_Generation = YES;
				INFOPLIST_KEY_UISupportedInterfaceOrientations_iPad = "UIInterfaceOrientationPortrait UIInterfaceOrientationPortraitUpsideDown UIInterfaceOrientationLandscapeLeft UIInterfaceOrientationLandscapeRight";
				INFOPLIST_KEY_UISupportedInterfaceOrientations_iPhone = "UIInterfaceOrientationPortrait UIInterfaceOrientationLandscapeLeft UIInterfaceOrientationLandscapeRight";
				LD_RUNPATH_SEARCH_PATHS = (
					"$(inherited)",
					"@executable_path/Frameworks",
				);
				MARKETING_VERSION = 1.0;
				PRODUCT_BUNDLE_IDENTIFIER = com.jess.pvCovidTrace;
				PRODUCT_NAME = "$(TARGET_NAME)";
				SWIFT_EMIT_LOC_STRINGS = YES;
				SWIFT_VERSION = 5.0;
				TARGETED_DEVICE_FAMILY = "1,2";
			};
			name = Debug;
		};
		8E29211627BE007B00A53873 /* Release */ = {
			isa = XCBuildConfiguration;
			buildSettings = {
				ASSETCATALOG_COMPILER_APPICON_NAME = AppIcon;
				ASSETCATALOG_COMPILER_GLOBAL_ACCENT_COLOR_NAME = AccentColor;
				CODE_SIGN_STYLE = Automatic;
				CURRENT_PROJECT_VERSION = 1;
				DEVELOPMENT_ASSET_PATHS = "\"pvCovidTrace/Preview Content\"";
				ENABLE_PREVIEWS = YES;
				GENERATE_INFOPLIST_FILE = YES;
				INFOPLIST_KEY_UIApplicationSceneManifest_Generation = YES;
				INFOPLIST_KEY_UIApplicationSupportsIndirectInputEvents = YES;
				INFOPLIST_KEY_UILaunchScreen_Generation = YES;
				INFOPLIST_KEY_UISupportedInterfaceOrientations_iPad = "UIInterfaceOrientationPortrait UIInterfaceOrientationPortraitUpsideDown UIInterfaceOrientationLandscapeLeft UIInterfaceOrientationLandscapeRight";
				INFOPLIST_KEY_UISupportedInterfaceOrientations_iPhone = "UIInterfaceOrientationPortrait UIInterfaceOrientationLandscapeLeft UIInterfaceOrientationLandscapeRight";
				LD_RUNPATH_SEARCH_PATHS = (
					"$(inherited)",
					"@executable_path/Frameworks",
				);
				MARKETING_VERSION = 1.0;
				PRODUCT_BUNDLE_IDENTIFIER = com.jess.pvCovidTrace;
				PRODUCT_NAME = "$(TARGET_NAME)";
				SWIFT_EMIT_LOC_STRINGS = YES;
				SWIFT_VERSION = 5.0;
				TARGETED_DEVICE_FAMILY = "1,2";
			};
			name = Release;
		};
/* End XCBuildConfiguration section */

/* Begin XCConfigurationList section */
		8E29210127BE007A00A53873 /* Build configuration list for PBXProject "pvCovidTrace" */ = {
			isa = XCConfigurationList;
			buildConfigurations = (
				8E29211227BE007B00A53873 /* Debug */,
				8E29211327BE007B00A53873 /* Release */,
			);
			defaultConfigurationIsVisible = 0;
			defaultConfigurationName = Release;
		};
		8E29211427BE007B00A53873 /* Build configuration list for PBXNativeTarget "pvCovidTrace" */ = {
			isa = XCConfigurationList;
			buildConfigurations = (
				8E29211527BE007B00A53873 /* Debug */,
				8E29211627BE007B00A53873 /* Release */,
			);
			defaultConfigurationIsVisible = 0;
			defaultConfigurationName = Release;
		};
/* End XCConfigurationList section */
	};
	rootObject = 8E2920FE27BE007A00A53873 /* Project object */;
}
